{
  "name": "dpd",
  "version": "0.0.1",
  "dependencies": {
    "bl": {
      "version": "1.0.0",
      "from": "bl@1.0.0",
      "resolved": "https://registry.npmjs.org/bl/-/bl-1.0.0.tgz",
      "dependencies": {
        "readable-stream": {
          "version": "2.0.2",
          "from": "readable-stream@2.0.2",
          "resolved": "https://registry.npmjs.org/readable-stream/-/readable-stream-2.0.2.tgz",
          "dependencies": {
            "core-util-is": {
              "version": "1.0.1",
              "from": "core-util-is@1.0.1",
              "resolved": "https://registry.npmjs.org/core-util-is/-/core-util-is-1.0.1.tgz"
            },
            "inherits": {
              "version": "2.0.1",
              "from": "inherits@2.0.1",
              "resolved": "https://registry.npmjs.org/inherits/-/inherits-2.0.1.tgz"
            },
            "isarray": {
              "version": "0.0.1",
              "from": "isarray@0.0.1",
              "resolved": "https://registry.npmjs.org/isarray/-/isarray-0.0.1.tgz"
            },
            "process-nextick-args": {
              "version": "1.0.2",
              "from": "process-nextick-args@1.0.2",
              "resolved": "https://registry.npmjs.org/process-nextick-args/-/process-nextick-args-1.0.2.tgz"
            },
            "string_decoder": {
              "version": "0.10.31",
              "from": "string_decoder@0.10.31",
              "resolved": "https://registry.npmjs.org/string_decoder/-/string_decoder-0.10.31.tgz"
            },
            "util-deprecate": {
              "version": "1.0.1",
              "from": "util-deprecate@1.0.1",
              "resolved": "https://registry.npmjs.org/util-deprecate/-/util-deprecate-1.0.1.tgz"
            }
          }
        }
      }
    },
    "winston": {
      "version": "1.0.1",
      "from": "winston@*",
      "resolved": "https://registry.npmjs.org/winston/-/winston-1.0.1.tgz",
      "dependencies": {
        "async": {
          "version": "0.9.2",
          "from": "async@>=0.9.0-0 <0.10.0-0",
          "resolved": "https://registry.npmjs.org/async/-/async-0.9.2.tgz"
        },
        "colors": {
          "version": "1.0.3",
          "from": "colors@>=1.0.0-0 <1.1.0-0",
          "resolved": "https://registry.npmjs.org/colors/-/colors-1.0.3.tgz"
        },
        "cycle": {
          "version": "1.0.3",
          "from": "cycle@>=1.0.0-0 <1.1.0-0",
          "resolved": "https://registry.npmjs.org/cycle/-/cycle-1.0.3.tgz"
        },
        "eyes": {
          "version": "0.1.8",
          "from": "eyes@>=0.1.0-0 <0.2.0-0",
          "resolved": "https://registry.npmjs.org/eyes/-/eyes-0.1.8.tgz"
        },
        "isstream": {
          "version": "0.1.2",
          "from": "isstream@>=0.1.0-0 <0.2.0-0",
          "resolved": "https://registry.npmjs.org/isstream/-/isstream-0.1.2.tgz"
        },
        "pkginfo": {
          "version": "0.3.0",
          "from": "pkginfo@>=0.3.0-0 <0.4.0-0",
          "resolved": "https://registry.npmjs.org/pkginfo/-/pkginfo-0.3.0.tgz"
        },
        "stack-trace": {
          "version": "0.0.9",
          "from": "stack-trace@>=0.0.0-0 <0.1.0-0",
          "resolved": "https://registry.npmjs.org/stack-trace/-/stack-trace-0.0.9.tgz"
        }
      }
    }
  }
}
